
Microsoft Visual Studio Solution File, Format Version 12.00
# Visual Studio Version 16
VisualStudioVersion = 16.0.30611.23
MinimumVisualStudioVersion = 10.0.40219.1
Project("{FAE04EC0-301F-11D3-BF4B-00C04F79EFBC}") = "ApiSQL", "ApiSQL.csproj", "{8C24574B-B3F1-402C-85F2-569C39E30369}"
EndProject
Global
	GlobalSection(SolutionConfigurationPlatforms) = preSolution
		Debug|Any CPU = Debug|Any CPU
		Release|Any CPU = Release|Any CPU
	EndGlobalSection
	GlobalSection(ProjectConfigurationPlatforms) = postSolution
		{8C24574B-B3F1-402C-85F2-569C39E30369}.Debug|Any CPU.ActiveCfg = Debug|Any CPU
		{8C24574B-B3F1-402C-85F2-569C39E30369}.Debug|Any CPU.Build.0 = Debug|Any CPU
		{8C24574B-B3F1-402C-85F2-569C39E30369}.Release|Any CPU.ActiveCfg = Release|Any CPU
		{8C24574B-B3F1-402C-85F2-569C39E30369}.Release|Any CPU.Build.0 = Release|Any CPU
	EndGlobalSection
	GlobalSection(SolutionProperties) = preSolution
		HideSolutionNode = FALSE
	EndGlobalSection
	GlobalSection(ExtensibilityGlobals) = postSolution
		SolutionGuid = {0DF2EC61-0B02-471D-BDED-F04DC3C36B1E}
	EndGlobalSection
EndGlobal
