
Microsoft Visual Studio Solution File, Format Version 12.00
# Visual Studio Version 16
VisualStudioVersion = 16.0.30517.126
MinimumVisualStudioVersion = 10.0.40219.1
Project("{FAE04EC0-301F-11D3-BF4B-00C04F79EFBC}") = "XTECDigital_MainDB", "XTECDigital_MainDB\XTECDigital_MainDB.csproj", "{53F17806-46DB-4154-92A8-599E8A141632}"
EndProject
Project("{FAE04EC0-301F-11D3-BF4B-00C04F79EFBC}") = "Reports", "Reports\Reports.csproj", "{DF3E38F8-91BF-4D76-91D2-422BD5F85D61}"
EndProject
Global
	GlobalSection(SolutionConfigurationPlatforms) = preSolution
		Debug|Any CPU = Debug|Any CPU
		Release|Any CPU = Release|Any CPU
	EndGlobalSection
	GlobalSection(ProjectConfigurationPlatforms) = postSolution
		{53F17806-46DB-4154-92A8-599E8A141632}.Debug|Any CPU.ActiveCfg = Debug|Any CPU
		{53F17806-46DB-4154-92A8-599E8A141632}.Debug|Any CPU.Build.0 = Debug|Any CPU
		{53F17806-46DB-4154-92A8-599E8A141632}.Release|Any CPU.ActiveCfg = Release|Any CPU
		{53F17806-46DB-4154-92A8-599E8A141632}.Release|Any CPU.Build.0 = Release|Any CPU
		{DF3E38F8-91BF-4D76-91D2-422BD5F85D61}.Debug|Any CPU.ActiveCfg = Debug|Any CPU
		{DF3E38F8-91BF-4D76-91D2-422BD5F85D61}.Debug|Any CPU.Build.0 = Debug|Any CPU
		{DF3E38F8-91BF-4D76-91D2-422BD5F85D61}.Release|Any CPU.ActiveCfg = Release|Any CPU
		{DF3E38F8-91BF-4D76-91D2-422BD5F85D61}.Release|Any CPU.Build.0 = Release|Any CPU
	EndGlobalSection
	GlobalSection(SolutionProperties) = preSolution
		HideSolutionNode = FALSE
	EndGlobalSection
	GlobalSection(ExtensibilityGlobals) = postSolution
		SolutionGuid = {EBD5DF7D-8AC8-4338-AD8C-7879A08DFE92}
	EndGlobalSection
EndGlobal
